
Microsoft Visual Studio Solution File, Format Version 12.00
# Visual Studio 15
VisualStudioVersion = 15.0.28307.1585
MinimumVisualStudioVersion = 10.0.40219.1
Project("{FAE04EC0-301F-11D3-BF4B-00C04F79EFBC}") = "Eshop", "Eshop\Eshop.csproj", "{BA70EFC3-02A5-4662-9C99-F19438E69A0D}"
EndProject
Global
	GlobalSection(SolutionConfigurationPlatforms) = preSolution
		Debug|Any CPU = Debug|Any CPU
		Release|Any CPU = Release|Any CPU
	EndGlobalSection
	GlobalSection(ProjectConfigurationPlatforms) = postSolution
		{BA70EFC3-02A5-4662-9C99-F19438E69A0D}.Debug|Any CPU.ActiveCfg = Debug|Any CPU
		{BA70EFC3-02A5-4662-9C99-F19438E69A0D}.Debug|Any CPU.Build.0 = Debug|Any CPU
		{BA70EFC3-02A5-4662-9C99-F19438E69A0D}.Release|Any CPU.ActiveCfg = Release|Any CPU
		{BA70EFC3-02A5-4662-9C99-F19438E69A0D}.Release|Any CPU.Build.0 = Release|Any CPU
	EndGlobalSection
	GlobalSection(SolutionProperties) = preSolution
		HideSolutionNode = FALSE
	EndGlobalSection
	GlobalSection(ExtensibilityGlobals) = postSolution
		SolutionGuid = {DEC468CB-8686-4DE8-AD78-231C48D7C23D}
	EndGlobalSection
EndGlobal
